
Microsoft Visual Studio Solution File, Format Version 12.00
# Visual Studio Version 17
VisualStudioVersion = 17.10.35122.118
MinimumVisualStudioVersion = 10.0.40219.1
Project("{FAE04EC0-301F-11D3-BF4B-00C04F79EFBC}") = "MathOperationGame", "MathOperationGame\MathOperationGame.csproj", "{B38CA7D8-6B95-45C3-8CD0-97070E04C0EB}"
EndProject
Global
	GlobalSection(SolutionConfigurationPlatforms) = preSolution
		Debug|Any CPU = Debug|Any CPU
		Release|Any CPU = Release|Any CPU
	EndGlobalSection
	GlobalSection(ProjectConfigurationPlatforms) = postSolution
		{B38CA7D8-6B95-45C3-8CD0-97070E04C0EB}.Debug|Any CPU.ActiveCfg = Debug|Any CPU
		{B38CA7D8-6B95-45C3-8CD0-97070E04C0EB}.Debug|Any CPU.Build.0 = Debug|Any CPU
		{B38CA7D8-6B95-45C3-8CD0-97070E04C0EB}.Release|Any CPU.ActiveCfg = Release|Any CPU
		{B38CA7D8-6B95-45C3-8CD0-97070E04C0EB}.Release|Any CPU.Build.0 = Release|Any CPU
	EndGlobalSection
	GlobalSection(SolutionProperties) = preSolution
		HideSolutionNode = FALSE
	EndGlobalSection
	GlobalSection(ExtensibilityGlobals) = postSolution
		SolutionGuid = {94212C2C-440F-41FC-B7A9-2B88690190E2}
	EndGlobalSection
EndGlobal
